
Microsoft Visual Studio Solution File, Format Version 12.00
# Visual Studio Version 17
VisualStudioVersion = 17.3.32922.545
MinimumVisualStudioVersion = 10.0.40219.1
Project("{9A19103F-16F7-4668-BE54-9A1E7A4F7556}") = "drAppointment", "drAppointment\drAppointment.csproj", "{E6B6A28B-2FA5-4534-9B1D-C56B32CD75D1}"
EndProject
Project("{9A19103F-16F7-4668-BE54-9A1E7A4F7556}") = "domain", "domain\domain.csproj", "{398107CA-975C-482C-A3A1-E6F788E42FBF}"
EndProject
Project("{9A19103F-16F7-4668-BE54-9A1E7A4F7556}") = "UnitTests", "UnitTests\UnitTests.csproj", "{3B0125DD-7FAD-423E-AE59-B7FD5BD2D354}"
EndProject
Project("{FAE04EC0-301F-11D3-BF4B-00C04F79EFBC}") = "Database", "Database\Database.csproj", "{B78A4FF2-6403-4BDF-871B-F66D9F15179D}"
EndProject
Global
	GlobalSection(SolutionConfigurationPlatforms) = preSolution
		Debug|Any CPU = Debug|Any CPU
		Release|Any CPU = Release|Any CPU
	EndGlobalSection
	GlobalSection(ProjectConfigurationPlatforms) = postSolution
		{E6B6A28B-2FA5-4534-9B1D-C56B32CD75D1}.Debug|Any CPU.ActiveCfg = Debug|Any CPU
		{E6B6A28B-2FA5-4534-9B1D-C56B32CD75D1}.Debug|Any CPU.Build.0 = Debug|Any CPU
		{E6B6A28B-2FA5-4534-9B1D-C56B32CD75D1}.Release|Any CPU.ActiveCfg = Release|Any CPU
		{E6B6A28B-2FA5-4534-9B1D-C56B32CD75D1}.Release|Any CPU.Build.0 = Release|Any CPU
		{398107CA-975C-482C-A3A1-E6F788E42FBF}.Debug|Any CPU.ActiveCfg = Debug|Any CPU
		{398107CA-975C-482C-A3A1-E6F788E42FBF}.Debug|Any CPU.Build.0 = Debug|Any CPU
		{398107CA-975C-482C-A3A1-E6F788E42FBF}.Release|Any CPU.ActiveCfg = Release|Any CPU
		{398107CA-975C-482C-A3A1-E6F788E42FBF}.Release|Any CPU.Build.0 = Release|Any CPU
		{3B0125DD-7FAD-423E-AE59-B7FD5BD2D354}.Debug|Any CPU.ActiveCfg = Debug|Any CPU
		{3B0125DD-7FAD-423E-AE59-B7FD5BD2D354}.Debug|Any CPU.Build.0 = Debug|Any CPU
		{3B0125DD-7FAD-423E-AE59-B7FD5BD2D354}.Release|Any CPU.ActiveCfg = Release|Any CPU
		{3B0125DD-7FAD-423E-AE59-B7FD5BD2D354}.Release|Any CPU.Build.0 = Release|Any CPU
		{B78A4FF2-6403-4BDF-871B-F66D9F15179D}.Debug|Any CPU.ActiveCfg = Debug|Any CPU
		{B78A4FF2-6403-4BDF-871B-F66D9F15179D}.Debug|Any CPU.Build.0 = Debug|Any CPU
		{B78A4FF2-6403-4BDF-871B-F66D9F15179D}.Release|Any CPU.ActiveCfg = Release|Any CPU
		{B78A4FF2-6403-4BDF-871B-F66D9F15179D}.Release|Any CPU.Build.0 = Release|Any CPU
	EndGlobalSection
	GlobalSection(SolutionProperties) = preSolution
		HideSolutionNode = FALSE
	EndGlobalSection
	GlobalSection(ExtensibilityGlobals) = postSolution
		SolutionGuid = {674E06FF-A654-4F6A-9454-E3A00F4390C9}
	EndGlobalSection
EndGlobal
